
Microsoft Visual Studio Solution File, Format Version 12.00
# Visual Studio Version 17
VisualStudioVersion = 17.4.33205.214
MinimumVisualStudioVersion = 10.0.40219.1
Project("{FAE04EC0-301F-11D3-BF4B-00C04F79EFBC}") = "SignalR.SmartCore", "SignalR.SmartCore\SignalR.SmartCore.csproj", "{BF79ACF9-8D32-462C-ABE3-2CC099E61E31}"
EndProject
Global
	GlobalSection(SolutionConfigurationPlatforms) = preSolution
		Debug|Any CPU = Debug|Any CPU
		Release|Any CPU = Release|Any CPU
	EndGlobalSection
	GlobalSection(ProjectConfigurationPlatforms) = postSolution
		{BF79ACF9-8D32-462C-ABE3-2CC099E61E31}.Debug|Any CPU.ActiveCfg = Debug|Any CPU
		{BF79ACF9-8D32-462C-ABE3-2CC099E61E31}.Debug|Any CPU.Build.0 = Debug|Any CPU
		{BF79ACF9-8D32-462C-ABE3-2CC099E61E31}.Release|Any CPU.ActiveCfg = Release|Any CPU
		{BF79ACF9-8D32-462C-ABE3-2CC099E61E31}.Release|Any CPU.Build.0 = Release|Any CPU
	EndGlobalSection
	GlobalSection(SolutionProperties) = preSolution
		HideSolutionNode = FALSE
	EndGlobalSection
	GlobalSection(ExtensibilityGlobals) = postSolution
		SolutionGuid = {6FF0FC42-9396-476D-AE0A-AE70B5E30E03}
	EndGlobalSection
EndGlobal
